
Microsoft Visual Studio Solution File, Format Version 12.00
# Visual Studio Version 17
VisualStudioVersion = 17.1.32228.430
MinimumVisualStudioVersion = 10.0.40219.1
Project("{FAE04EC0-301F-11D3-BF4B-00C04F79EFBC}") = "UTS PEMROGRAMAN", "UTS PEMROGRAMAN\UTS PEMROGRAMAN.csproj", "{D1374692-F530-47D1-ADAC-FE93B8E20854}"
EndProject
Global
	GlobalSection(SolutionConfigurationPlatforms) = preSolution
		Debug|Any CPU = Debug|Any CPU
		Release|Any CPU = Release|Any CPU
	EndGlobalSection
	GlobalSection(ProjectConfigurationPlatforms) = postSolution
		{D1374692-F530-47D1-ADAC-FE93B8E20854}.Debug|Any CPU.ActiveCfg = Debug|Any CPU
		{D1374692-F530-47D1-ADAC-FE93B8E20854}.Debug|Any CPU.Build.0 = Debug|Any CPU
		{D1374692-F530-47D1-ADAC-FE93B8E20854}.Release|Any CPU.ActiveCfg = Release|Any CPU
		{D1374692-F530-47D1-ADAC-FE93B8E20854}.Release|Any CPU.Build.0 = Release|Any CPU
	EndGlobalSection
	GlobalSection(SolutionProperties) = preSolution
		HideSolutionNode = FALSE
	EndGlobalSection
	GlobalSection(ExtensibilityGlobals) = postSolution
		SolutionGuid = {128D8688-2887-4FFD-9929-1AB0F786703B}
	EndGlobalSection
EndGlobal
